
Microsoft Visual Studio Solution File, Format Version 12.00
# Visual Studio Version 17
VisualStudioVersion = 17.4.33403.182
MinimumVisualStudioVersion = 10.0.40219.1
Project("{9A19103F-16F7-4668-BE54-9A1E7A4F7556}") = "Photino.Blazor", "Photino.Blazor\Photino.Blazor.csproj", "{5B517B5D-E47D-4E96-BF97-7DA763487FF7}"
EndProject
Project("{9A19103F-16F7-4668-BE54-9A1E7A4F7556}") = "Obsidian", "Obsidian\Obsidian.csproj", "{22CFFFD0-55B8-4E71-BB81-FCCC59D0F3AA}"
EndProject
Project("{9A19103F-16F7-4668-BE54-9A1E7A4F7556}") = "_build", "build\_build.csproj", "{60E03993-5762-413C-8C5F-94CB4E64062D}"
EndProject
Global
	GlobalSection(SolutionConfigurationPlatforms) = preSolution
		Debug|x64 = Debug|x64
		Release|x64 = Release|x64
	EndGlobalSection
	GlobalSection(ProjectConfigurationPlatforms) = postSolution
		{5B517B5D-E47D-4E96-BF97-7DA763487FF7}.Debug|x64.ActiveCfg = Debug|x64
		{5B517B5D-E47D-4E96-BF97-7DA763487FF7}.Debug|x64.Build.0 = Debug|x64
		{5B517B5D-E47D-4E96-BF97-7DA763487FF7}.Release|x64.ActiveCfg = Release|x64
		{5B517B5D-E47D-4E96-BF97-7DA763487FF7}.Release|x64.Build.0 = Release|x64
		{22CFFFD0-55B8-4E71-BB81-FCCC59D0F3AA}.Debug|x64.ActiveCfg = Debug|x64
		{22CFFFD0-55B8-4E71-BB81-FCCC59D0F3AA}.Debug|x64.Build.0 = Debug|x64
		{22CFFFD0-55B8-4E71-BB81-FCCC59D0F3AA}.Release|x64.ActiveCfg = Release|x64
		{22CFFFD0-55B8-4E71-BB81-FCCC59D0F3AA}.Release|x64.Build.0 = Release|x64
		{60E03993-5762-413C-8C5F-94CB4E64062D}.Debug|x64.ActiveCfg = Debug|Any CPU
		{60E03993-5762-413C-8C5F-94CB4E64062D}.Release|x64.ActiveCfg = Release|Any CPU
	EndGlobalSection
	GlobalSection(SolutionProperties) = preSolution
		HideSolutionNode = FALSE
	EndGlobalSection
	GlobalSection(ExtensibilityGlobals) = postSolution
		SolutionGuid = {67B7E7A8-1CF2-4FC5-B97A-4E171B5ABEBC}
	EndGlobalSection
EndGlobal
