
Microsoft Visual Studio Solution File, Format Version 12.00
# Visual Studio 15
VisualStudioVersion = 15.0.27004.2005
MinimumVisualStudioVersion = 10.0.40219.1
Project("{FAE04EC0-301F-11D3-BF4B-00C04F79EFBC}") = "Obsidian", "Obsidian\Obsidian.csproj", "{7ABEFBE2-A68B-4D8E-A24E-7867C4AD1364}"
EndProject
Project("{FAE04EC0-301F-11D3-BF4B-00C04F79EFBC}") = "Fantome.Libraries.League", "Fantome.Libraries.League\Fantome.League\Fantome.Libraries.League.csproj", "{80F5DF93-19A2-4731-8CD1-982F165D7361}"
EndProject
Global
	GlobalSection(SolutionConfigurationPlatforms) = preSolution
		Debug|Any CPU = Debug|Any CPU
		Release|Any CPU = Release|Any CPU
	EndGlobalSection
	GlobalSection(ProjectConfigurationPlatforms) = postSolution
		{7ABEFBE2-A68B-4D8E-A24E-7867C4AD1364}.Debug|Any CPU.ActiveCfg = Debug|Any CPU
		{7ABEFBE2-A68B-4D8E-A24E-7867C4AD1364}.Debug|Any CPU.Build.0 = Debug|Any CPU
		{7ABEFBE2-A68B-4D8E-A24E-7867C4AD1364}.Release|Any CPU.ActiveCfg = Release|Any CPU
		{7ABEFBE2-A68B-4D8E-A24E-7867C4AD1364}.Release|Any CPU.Build.0 = Release|Any CPU
		{80F5DF93-19A2-4731-8CD1-982F165D7361}.Debug|Any CPU.ActiveCfg = Debug|Any CPU
		{80F5DF93-19A2-4731-8CD1-982F165D7361}.Debug|Any CPU.Build.0 = Debug|Any CPU
		{80F5DF93-19A2-4731-8CD1-982F165D7361}.Release|Any CPU.ActiveCfg = Release|Any CPU
		{80F5DF93-19A2-4731-8CD1-982F165D7361}.Release|Any CPU.Build.0 = Release|Any CPU
	EndGlobalSection
	GlobalSection(SolutionProperties) = preSolution
		HideSolutionNode = FALSE
	EndGlobalSection
	GlobalSection(ExtensibilityGlobals) = postSolution
		SolutionGuid = {E5A94C11-3059-4FC4-8AD7-D3219DECA2FA}
	EndGlobalSection
EndGlobal
